hash: 34f0a06cc91ee3125c94c23ead43dfbe08f08e8414e8efce28204a400a958d30
updated: 2018-01-31T09:06:51.356673532-04:00
imports:
- name: github.com/jinzhu/now
  version: d939ba741945c047cac69c329c5fb0d6b4a06520
- name: github.com/labstack/echo
  version: b338075a0fc6e1a0683dbf03d09b4957a289e26f
  subpackages:
  - '...'
- name: github.com/labstack/gommon
  version: 57409ada9da0f2afad6664c49502f8c50fbd8476
  subpackages:
  - color
  - log
- name: github.com/mattn/go-colorable
  version: 6cc8b475d4682021d75d2cbe2bc481bec4ce98e5
- name: github.com/mattn/go-isatty
  version: 6ca4dbf54d38eea1a992b3c722a76a5d1c4cb25c
- name: github.com/NaySoftware/go-fcm
  version: 2a6c4f48b49f0d5dbfe621589da4c5405157d7c9
- name: github.com/stripe/stripe-go
  version: 4215bb4be39f20597ef7733989e9096869ad830c
- name: github.com/valyala/bytebufferpool
  version: e746df99fe4a3986f4d4f79e13c1e0117ce9c2f7
- name: github.com/valyala/fasttemplate
  version: dcecefd839c4193db0d35b88ec65b4c12d360ab0
- name: golang.org/x/crypto
  version: 1875d0a70c90e57f11972aefd42276df65e895b9
  subpackages:
  - acme
  - acme/autocert
- name: golang.org/x/sys
  version: 3dbebcf8efb6a5011a60c2b4591c1022a759af8a
  subpackages:
  - unix
testImports: []
